
Microsoft Visual Studio Solution File, Format Version 12.00
# Visual Studio 15
VisualStudioVersion = 15.0.28010.2046
MinimumVisualStudioVersion = 10.0.40219.1
Project("{9A19103F-16F7-4668-BE54-9A1E7A4F7556}") = "ASPCoreApi", "ASPCoreApi\ASPCoreApi.csproj", "{9038B88E-6D66-48B2-9E9C-DAA812EF35BC}"
EndProject
Project("{FAE04EC0-301F-11D3-BF4B-00C04F79EFBC}") = "ASPCore_Testing", "ASPCore_Testing\ASPCore_Testing.csproj", "{6DF6491D-7711-4FF4-AC3F-CC5944238463}"
EndProject
Global
	GlobalSection(SolutionConfigurationPlatforms) = preSolution
		Debug|Any CPU = Debug|Any CPU
		Release|Any CPU = Release|Any CPU
	EndGlobalSection
	GlobalSection(ProjectConfigurationPlatforms) = postSolution
		{9038B88E-6D66-48B2-9E9C-DAA812EF35BC}.Debug|Any CPU.ActiveCfg = Debug|Any CPU
		{9038B88E-6D66-48B2-9E9C-DAA812EF35BC}.Debug|Any CPU.Build.0 = Debug|Any CPU
		{9038B88E-6D66-48B2-9E9C-DAA812EF35BC}.Release|Any CPU.ActiveCfg = Release|Any CPU
		{9038B88E-6D66-48B2-9E9C-DAA812EF35BC}.Release|Any CPU.Build.0 = Release|Any CPU
		{6DF6491D-7711-4FF4-AC3F-CC5944238463}.Debug|Any CPU.ActiveCfg = Debug|Any CPU
		{6DF6491D-7711-4FF4-AC3F-CC5944238463}.Debug|Any CPU.Build.0 = Debug|Any CPU
		{6DF6491D-7711-4FF4-AC3F-CC5944238463}.Release|Any CPU.ActiveCfg = Release|Any CPU
		{6DF6491D-7711-4FF4-AC3F-CC5944238463}.Release|Any CPU.Build.0 = Release|Any CPU
	EndGlobalSection
	GlobalSection(SolutionProperties) = preSolution
		HideSolutionNode = FALSE
	EndGlobalSection
	GlobalSection(ExtensibilityGlobals) = postSolution
		SolutionGuid = {6713747A-A62B-4BCF-B548-7FE0C8D67D20}
	EndGlobalSection
EndGlobal
